// !$*UTF8*$!
{
	archiveVersion = 1;
	classes = {
	};
	objectVersion = 77;
	objects = {

/* Begin PBXContainerItemProxy section */
		A30000000000000000000002 /* PBXContainerItemProxy */ = {
			isa = PBXContainerItemProxy;
			containerPortal = A20000000000000000000000 /* Project object */;
			proxyType = 1;
			remoteGlobalIDString = A20000000000000000000001;
			remoteInfo = APIOSDebugDemo;
		};
/* End PBXContainerItemProxy section */

/* Begin PBXFileReference section */
		A30000000000000000000003 /* APIOSDebugDemo.app */ = {isa = PBXFileReference; explicitFileType = wrapper.application; includeInIndex = 0; path = APIOSDebugDemo.app; sourceTree = BUILT_PRODUCTS_DIR; };
		A30000000000000000000004 /* APIOSDebugDemoTests.xctest */ = {isa = PBXFileReference; explicitFileType = wrapper.cfbundle; includeInIndex = 0; path = APIOSDebugDemoTests.xctest; sourceTree = BUILT_PRODUCTS_DIR; };
		A30000000000000000000019 /* APIOSDebugDemoRelease.app */ = {isa = PBXFileReference; explicitFileType = wrapper.application; includeInIndex = 0; path = APIOSDebugDemoRelease.app; sourceTree = BUILT_PRODUCTS_DIR; };
/* End PBXFileReference section */

/* Begin PBXFileSystemSynchronizedRootGroup section */
		A30000000000000000000005 /* APIOSDebugDemo */ = {
			isa = PBXFileSystemSynchronizedRootGroup;
			path = APIOSDebugDemo;
			sourceTree = "<group>";
		};
		A30000000000000000000006 /* APIOSDebugDemoTests */ = {
			isa = PBXFileSystemSynchronizedRootGroup;
			path = APIOSDebugDemoTests;
			sourceTree = "<group>";
		};
/* End PBXFileSystemSynchronizedRootGroup section */

/* Begin PBXFrameworksBuildPhase section */
		A30000000000000000000007 /* Frameworks */ = {
			isa = PBXFrameworksBuildPhase;
			buildActionMask = 2147483647;
			files = (
			);
			runOnlyForDeploymentPostprocessing = 0;
		};
		A30000000000000000000008 /* Frameworks */ = {
			isa = PBXFrameworksBuildPhase;
			buildActionMask = 2147483647;
			files = (
			);
			runOnlyForDeploymentPostprocessing = 0;
		};
		A3000000000000000000001B /* Frameworks */ = {
			isa = PBXFrameworksBuildPhase;
			buildActionMask = 2147483647;
			files = (
			);
			runOnlyForDeploymentPostprocessing = 0;
		};
/* End PBXFrameworksBuildPhase section */

/* Begin PBXGroup section */
		A30000000000000000000009 = {
			isa = PBXGroup;
			children = (
				A30000000000000000000005 /* APIOSDebugDemo */,
				A30000000000000000000006 /* APIOSDebugDemoTests */,
				A3000000000000000000000A /* Products */,
			);
			sourceTree = "<group>";
		};
		A3000000000000000000000A /* Products */ = {
			isa = PBXGroup;
			children = (
				A30000000000000000000003 /* APIOSDebugDemo.app */,
				A30000000000000000000019 /* APIOSDebugDemoRelease.app */,
				A30000000000000000000004 /* APIOSDebugDemoTests.xctest */,
			);
			name = Products;
			sourceTree = "<group>";
		};
/* End PBXGroup section */

/* Begin PBXNativeTarget section */
		A20000000000000000000001 /* APIOSDebugDemo */ = {
			isa = PBXNativeTarget;
			buildConfigurationList = A3000000000000000000000B /* Build configuration list for PBXNativeTarget "APIOSDebugDemo" */;
			buildPhases = (
				A3000000000000000000000C /* Sources */,
				A30000000000000000000007 /* Frameworks */,
				A3000000000000000000000D /* Resources */,
			);
			buildRules = (
			);
			dependencies = (
			);
			fileSystemSynchronizedGroups = (
				A30000000000000000000005 /* APIOSDebugDemo */,
			);
			name = APIOSDebugDemo;
			packageProductDependencies = (
				A10000000000000000000002 /* APIOSDebugKit */,
			);
			productName = APIOSDebugDemo;
			productReference = A30000000000000000000003 /* APIOSDebugDemo.app */;
			productType = "com.apple.product-type.application";
		};
		A20000000000000000000002 /* APIOSDebugDemoTests */ = {
			isa = PBXNativeTarget;
			buildConfigurationList = A3000000000000000000000E /* Build configuration list for PBXNativeTarget "APIOSDebugDemoTests" */;
			buildPhases = (
				A3000000000000000000000F /* Sources */,
				A30000000000000000000008 /* Frameworks */,
				A30000000000000000000010 /* Resources */,
			);
			buildRules = (
			);
			dependencies = (
				A30000000000000000000011 /* PBXTargetDependency */,
			);
			fileSystemSynchronizedGroups = (
				A30000000000000000000006 /* APIOSDebugDemoTests */,
			);
			name = APIOSDebugDemoTests;
			packageProductDependencies = (
			);
			productName = APIOSDebugDemoTests;
			productReference = A30000000000000000000004 /* APIOSDebugDemoTests.xctest */;
			productType = "com.apple.product-type.bundle.unit-test";
		};
		A20000000000000000000003 /* APIOSDebugDemoRelease */ = {
			isa = PBXNativeTarget;
			buildConfigurationList = A3000000000000000000001F /* Build configuration list for PBXNativeTarget "APIOSDebugDemoRelease" */;
			buildPhases = (
				A3000000000000000000001A /* Sources */,
				A3000000000000000000001B /* Frameworks */,
				A3000000000000000000001C /* Resources */,
			);
			buildRules = (
			);
			dependencies = (
			);
			fileSystemSynchronizedGroups = (
				A30000000000000000000005 /* APIOSDebugDemo */,
			);
			name = APIOSDebugDemoRelease;
			packageProductDependencies = (
			);
			productName = APIOSDebugDemoRelease;
			productReference = A30000000000000000000019 /* APIOSDebugDemoRelease.app */;
			productType = "com.apple.product-type.application";
		};
/* End PBXNativeTarget section */

/* Begin PBXProject section */
		A20000000000000000000000 /* Project object */ = {
			isa = PBXProject;
			attributes = {
				BuildIndependentTargetsInParallel = 1;
				LastSwiftUpdateCheck = 2660;
				LastUpgradeCheck = 2660;
				TargetAttributes = {
					A20000000000000000000001 = {
						CreatedOnToolsVersion = 26.0;
					};
					A20000000000000000000002 = {
						CreatedOnToolsVersion = 26.0;
						TestTargetID = A20000000000000000000001;
					};
				};
			};
			buildConfigurationList = A30000000000000000000012 /* Build configuration list for PBXProject "APIOSDebugDemo" */;
			compatibilityVersion = "Xcode 16.0";
			developmentRegion = en;
			hasScannedForEncodings = 0;
			knownRegions = (
				en,
				Base,
			);
			mainGroup = A30000000000000000000009;
			minimizedProjectReferenceProxies = 1;
			packageReferences = (
				A10000000000000000000001 /* XCLocalSwiftPackageReference "../../swift/ap-ios-debug-kit" */,
			);
			preferredProjectObjectVersion = 77;
			productRefGroup = A3000000000000000000000A /* Products */;
			projectDirPath = "";
			projectRoot = "";
			targets = (
				A20000000000000000000001 /* APIOSDebugDemo */,
				A20000000000000000000002 /* APIOSDebugDemoTests */,
				A20000000000000000000003 /* APIOSDebugDemoRelease */,
			);
		};
/* End PBXProject section */

/* Begin PBXResourcesBuildPhase section */
		A3000000000000000000000D /* Resources */ = {isa = PBXResourcesBuildPhase; buildActionMask = 2147483647; files = (); runOnlyForDeploymentPostprocessing = 0; };
		A30000000000000000000010 /* Resources */ = {isa = PBXResourcesBuildPhase; buildActionMask = 2147483647; files = (); runOnlyForDeploymentPostprocessing = 0; };
		A3000000000000000000001C /* Resources */ = {isa = PBXResourcesBuildPhase; buildActionMask = 2147483647; files = (); runOnlyForDeploymentPostprocessing = 0; };
/* End PBXResourcesBuildPhase section */

/* Begin PBXSourcesBuildPhase section */
		A3000000000000000000000C /* Sources */ = {isa = PBXSourcesBuildPhase; buildActionMask = 2147483647; files = (); runOnlyForDeploymentPostprocessing = 0; };
		A3000000000000000000000F /* Sources */ = {isa = PBXSourcesBuildPhase; buildActionMask = 2147483647; files = (); runOnlyForDeploymentPostprocessing = 0; };
		A3000000000000000000001A /* Sources */ = {isa = PBXSourcesBuildPhase; buildActionMask = 2147483647; files = (); runOnlyForDeploymentPostprocessing = 0; };
/* End PBXSourcesBuildPhase section */

/* Begin PBXTargetDependency section */
		A30000000000000000000011 /* PBXTargetDependency */ = {isa = PBXTargetDependency; target = A20000000000000000000001 /* APIOSDebugDemo */; targetProxy = A30000000000000000000002 /* PBXContainerItemProxy */; };
/* End PBXTargetDependency section */

/* Begin XCBuildConfiguration section */
		A30000000000000000000013 /* Debug */ = {
			isa = XCBuildConfiguration;
			buildSettings = {
				ALWAYS_SEARCH_USER_PATHS = NO;
				CLANG_ENABLE_MODULES = YES;
				CLANG_ENABLE_OBJC_ARC = YES;
				COPY_PHASE_STRIP = NO;
				DEBUG_INFORMATION_FORMAT = dwarf;
				ENABLE_TESTABILITY = YES;
				GCC_C_LANGUAGE_STANDARD = gnu17;
				GCC_OPTIMIZATION_LEVEL = 0;
				IPHONEOS_DEPLOYMENT_TARGET = 16.0;
				ONLY_ACTIVE_ARCH = YES;
				SDKROOT = iphoneos;
				SWIFT_ACTIVE_COMPILATION_CONDITIONS = "DEBUG $(inherited)";
				SWIFT_OPTIMIZATION_LEVEL = "-Onone";
				SWIFT_VERSION = 6.0;
			};
			name = Debug;
		};
		A30000000000000000000014 /* Release */ = {
			isa = XCBuildConfiguration;
			buildSettings = {
				ALWAYS_SEARCH_USER_PATHS = NO;
				CLANG_ENABLE_MODULES = YES;
				CLANG_ENABLE_OBJC_ARC = YES;
				COPY_PHASE_STRIP = NO;
				DEBUG_INFORMATION_FORMAT = "dwarf-with-dsym";
				GCC_C_LANGUAGE_STANDARD = gnu17;
				IPHONEOS_DEPLOYMENT_TARGET = 16.0;
				SDKROOT = iphoneos;
				SWIFT_COMPILATION_MODE = wholemodule;
				SWIFT_OPTIMIZATION_LEVEL = "-O";
				SWIFT_VERSION = 6.0;
				VALIDATE_PRODUCT = YES;
			};
			name = Release;
		};
		A30000000000000000000015 /* Debug */ = {
			isa = XCBuildConfiguration;
			buildSettings = {
				CODE_SIGN_STYLE = Automatic;
				GENERATE_INFOPLIST_FILE = YES;
				IPHONEOS_DEPLOYMENT_TARGET = 16.0;
				PRODUCT_BUNDLE_IDENTIFIER = com.ggyy.ap-ios-debug-demo;
				PRODUCT_NAME = "$(TARGET_NAME)";
				SWIFT_EMIT_LOC_STRINGS = YES;
				SWIFT_VERSION = 6.0;
				TARGETED_DEVICE_FAMILY = "1,2";
			};
			name = Debug;
		};
		A30000000000000000000016 /* Release */ = {
			isa = XCBuildConfiguration;
			buildSettings = {
				CODE_SIGN_STYLE = Automatic;
				GENERATE_INFOPLIST_FILE = YES;
				IPHONEOS_DEPLOYMENT_TARGET = 16.0;
				PRODUCT_BUNDLE_IDENTIFIER = com.ggyy.ap-ios-debug-demo;
				PRODUCT_NAME = "$(TARGET_NAME)";
				SWIFT_EMIT_LOC_STRINGS = YES;
				SWIFT_VERSION = 6.0;
				TARGETED_DEVICE_FAMILY = "1,2";
			};
			name = Release;
		};
		A30000000000000000000017 /* Debug */ = {
			isa = XCBuildConfiguration;
			buildSettings = {
				BUNDLE_LOADER = "$(TEST_HOST)";
				CODE_SIGN_STYLE = Automatic;
				GENERATE_INFOPLIST_FILE = YES;
				IPHONEOS_DEPLOYMENT_TARGET = 16.0;
				PRODUCT_BUNDLE_IDENTIFIER = com.ggyy.ap-ios-debug-demo.tests;
				PRODUCT_NAME = "$(TARGET_NAME)";
				SWIFT_VERSION = 6.0;
				TARGETED_DEVICE_FAMILY = "1,2";
				TEST_HOST = "$(BUILT_PRODUCTS_DIR)/APIOSDebugDemo.app/APIOSDebugDemo";
			};
			name = Debug;
		};
		A30000000000000000000018 /* Release */ = {
			isa = XCBuildConfiguration;
			buildSettings = {
				BUNDLE_LOADER = "$(TEST_HOST)";
				CODE_SIGN_STYLE = Automatic;
				GENERATE_INFOPLIST_FILE = YES;
				IPHONEOS_DEPLOYMENT_TARGET = 16.0;
				PRODUCT_BUNDLE_IDENTIFIER = com.ggyy.ap-ios-debug-demo.tests;
				PRODUCT_NAME = "$(TARGET_NAME)";
				SWIFT_VERSION = 6.0;
				TARGETED_DEVICE_FAMILY = "1,2";
				TEST_HOST = "$(BUILT_PRODUCTS_DIR)/APIOSDebugDemo.app/APIOSDebugDemo";
			};
			name = Release;
		};
		A3000000000000000000001D /* Debug */ = {
			isa = XCBuildConfiguration;
			buildSettings = {
				CODE_SIGN_STYLE = Automatic;
				GENERATE_INFOPLIST_FILE = YES;
				IPHONEOS_DEPLOYMENT_TARGET = 16.0;
				PRODUCT_BUNDLE_IDENTIFIER = com.ggyy.ap-ios-debug-demo;
				PRODUCT_NAME = APIOSDebugDemoRelease;
				SWIFT_ACTIVE_COMPILATION_CONDITIONS = "";
				SWIFT_EMIT_LOC_STRINGS = YES;
				SWIFT_VERSION = 6.0;
				TARGETED_DEVICE_FAMILY = "1,2";
			};
			name = Debug;
		};
		A3000000000000000000001E /* Release */ = {
			isa = XCBuildConfiguration;
			buildSettings = {
				CODE_SIGN_STYLE = Automatic;
				GENERATE_INFOPLIST_FILE = YES;
				IPHONEOS_DEPLOYMENT_TARGET = 16.0;
				PRODUCT_BUNDLE_IDENTIFIER = com.ggyy.ap-ios-debug-demo;
				PRODUCT_NAME = APIOSDebugDemoRelease;
				SWIFT_EMIT_LOC_STRINGS = YES;
				SWIFT_VERSION = 6.0;
				TARGETED_DEVICE_FAMILY = "1,2";
			};
			name = Release;
		};
/* End XCBuildConfiguration section */

/* Begin XCConfigurationList section */
		A3000000000000000000000B /* Build configuration list for PBXNativeTarget "APIOSDebugDemo" */ = {isa = XCConfigurationList; buildConfigurations = (A30000000000000000000015 /* Debug */, A30000000000000000000016 /* Release */); defaultConfigurationIsVisible = 0; defaultConfigurationName = Release; };
		A3000000000000000000000E /* Build configuration list for PBXNativeTarget "APIOSDebugDemoTests" */ = {isa = XCConfigurationList; buildConfigurations = (A30000000000000000000017 /* Debug */, A30000000000000000000018 /* Release */); defaultConfigurationIsVisible = 0; defaultConfigurationName = Release; };
		A3000000000000000000001F /* Build configuration list for PBXNativeTarget "APIOSDebugDemoRelease" */ = {isa = XCConfigurationList; buildConfigurations = (A3000000000000000000001D /* Debug */, A3000000000000000000001E /* Release */); defaultConfigurationIsVisible = 0; defaultConfigurationName = Release; };
		A30000000000000000000012 /* Build configuration list for PBXProject "APIOSDebugDemo" */ = {isa = XCConfigurationList; buildConfigurations = (A30000000000000000000013 /* Debug */, A30000000000000000000014 /* Release */); defaultConfigurationIsVisible = 0; defaultConfigurationName = Release; };
/* End XCConfigurationList section */

/* Begin XCLocalSwiftPackageReference section */
		A10000000000000000000001 /* XCLocalSwiftPackageReference "../../swift/ap-ios-debug-kit" */ = {
			isa = XCLocalSwiftPackageReference;
			relativePath = ../../swift/ap-ios-debug-kit;
		};
/* End XCLocalSwiftPackageReference section */

/* Begin XCSwiftPackageProductDependency section */
		A10000000000000000000002 /* APIOSDebugKit */ = {
			isa = XCSwiftPackageProductDependency;
			package = A10000000000000000000001 /* XCLocalSwiftPackageReference "../../swift/ap-ios-debug-kit" */;
			productName = APIOSDebugKit;
		};
/* End XCSwiftPackageProductDependency section */
	};
	rootObject = A20000000000000000000000 /* Project object */;
}
