// !$*UTF8*$!
{
	archiveVersion = 1;
	classes = {
	};
	objectVersion = 77;
	objects = {

/* Begin PBXBuildFile section */
		A30000000000000000000001 /* IOSDebugKit in Frameworks */ = {isa = PBXBuildFile; productRef = A10000000000000000000002 /* IOSDebugKit */; };
/* End PBXBuildFile section */

/* Begin PBXContainerItemProxy section */
		A30000000000000000000002 /* PBXContainerItemProxy */ = {
			isa = PBXContainerItemProxy;
			containerPortal = A20000000000000000000000 /* Project object */;
			proxyType = 1;
			remoteGlobalIDString = A20000000000000000000001;
			remoteInfo = DebugDemo;
		};
/* End PBXContainerItemProxy section */

/* Begin PBXFileReference section */
		A30000000000000000000003 /* DebugDemo.app */ = {isa = PBXFileReference; explicitFileType = wrapper.application; includeInIndex = 0; path = DebugDemo.app; sourceTree = BUILT_PRODUCTS_DIR; };
		A30000000000000000000004 /* DebugDemoTests.xctest */ = {isa = PBXFileReference; explicitFileType = wrapper.cfbundle; includeInIndex = 0; path = DebugDemoTests.xctest; sourceTree = BUILT_PRODUCTS_DIR; };
/* End PBXFileReference section */

/* Begin PBXFileSystemSynchronizedRootGroup section */
		A30000000000000000000005 /* DebugDemo */ = {
			isa = PBXFileSystemSynchronizedRootGroup;
			path = DebugDemo;
			sourceTree = "<group>";
		};
		A30000000000000000000006 /* DebugDemoTests */ = {
			isa = PBXFileSystemSynchronizedRootGroup;
			path = DebugDemoTests;
			sourceTree = "<group>";
		};
/* End PBXFileSystemSynchronizedRootGroup section */

/* Begin PBXFrameworksBuildPhase section */
		A30000000000000000000007 /* Frameworks */ = {
			isa = PBXFrameworksBuildPhase;
			buildActionMask = 2147483647;
			files = (
				A30000000000000000000001 /* IOSDebugKit in Frameworks */,
			);
			runOnlyForDeploymentPostprocessing = 0;
		};
		A30000000000000000000008 /* Frameworks */ = {
			isa = PBXFrameworksBuildPhase;
			buildActionMask = 2147483647;
			files = (
			);
			runOnlyForDeploymentPostprocessing = 0;
		};
/* End PBXFrameworksBuildPhase section */

/* Begin PBXGroup section */
		A30000000000000000000009 = {
			isa = PBXGroup;
			children = (
				A30000000000000000000005 /* DebugDemo */,
				A30000000000000000000006 /* DebugDemoTests */,
				A3000000000000000000000A /* Products */,
			);
			sourceTree = "<group>";
		};
		A3000000000000000000000A /* Products */ = {
			isa = PBXGroup;
			children = (
				A30000000000000000000003 /* DebugDemo.app */,
				A30000000000000000000004 /* DebugDemoTests.xctest */,
			);
			name = Products;
			sourceTree = "<group>";
		};
/* End PBXGroup section */

/* Begin PBXNativeTarget section */
		A20000000000000000000001 /* DebugDemo */ = {
			isa = PBXNativeTarget;
			buildConfigurationList = A3000000000000000000000B /* Build configuration list for PBXNativeTarget "DebugDemo" */;
			buildPhases = (
				A3000000000000000000000C /* Sources */,
				A30000000000000000000007 /* Frameworks */,
				A3000000000000000000000D /* Resources */,
			);
			buildRules = (
			);
			dependencies = (
			);
			fileSystemSynchronizedGroups = (
				A30000000000000000000005 /* DebugDemo */,
			);
			name = DebugDemo;
			packageProductDependencies = (
				A10000000000000000000002 /* IOSDebugKit */,
			);
			productName = DebugDemo;
			productReference = A30000000000000000000003 /* DebugDemo.app */;
			productType = "com.apple.product-type.application";
		};
		A20000000000000000000002 /* DebugDemoTests */ = {
			isa = PBXNativeTarget;
			buildConfigurationList = A3000000000000000000000E /* Build configuration list for PBXNativeTarget "DebugDemoTests" */;
			buildPhases = (
				A3000000000000000000000F /* Sources */,
				A30000000000000000000008 /* Frameworks */,
				A30000000000000000000010 /* Resources */,
			);
			buildRules = (
			);
			dependencies = (
				A30000000000000000000011 /* PBXTargetDependency */,
			);
			fileSystemSynchronizedGroups = (
				A30000000000000000000006 /* DebugDemoTests */,
			);
			name = DebugDemoTests;
			packageProductDependencies = (
			);
			productName = DebugDemoTests;
			productReference = A30000000000000000000004 /* DebugDemoTests.xctest */;
			productType = "com.apple.product-type.bundle.unit-test";
		};
/* End PBXNativeTarget section */

/* Begin PBXProject section */
		A20000000000000000000000 /* Project object */ = {
			isa = PBXProject;
			attributes = {
				BuildIndependentTargetsInParallel = 1;
				LastSwiftUpdateCheck = 2660;
				LastUpgradeCheck = 2660;
				TargetAttributes = {
					A20000000000000000000001 = {
						CreatedOnToolsVersion = 26.0;
					};
					A20000000000000000000002 = {
						CreatedOnToolsVersion = 26.0;
						TestTargetID = A20000000000000000000001;
					};
				};
			};
			buildConfigurationList = A30000000000000000000012 /* Build configuration list for PBXProject "DebugDemo" */;
			compatibilityVersion = "Xcode 16.0";
			developmentRegion = en;
			hasScannedForEncodings = 0;
			knownRegions = (
				en,
				Base,
			);
			mainGroup = A30000000000000000000009;
			minimizedProjectReferenceProxies = 1;
			packageReferences = (
				A10000000000000000000001 /* XCLocalSwiftPackageReference "../../swift/IOSDebugKit" */,
			);
			preferredProjectObjectVersion = 77;
			productRefGroup = A3000000000000000000000A /* Products */;
			projectDirPath = "";
			projectRoot = "";
			targets = (
				A20000000000000000000001 /* DebugDemo */,
				A20000000000000000000002 /* DebugDemoTests */,
			);
		};
/* End PBXProject section */

/* Begin PBXResourcesBuildPhase section */
		A3000000000000000000000D /* Resources */ = {isa = PBXResourcesBuildPhase; buildActionMask = 2147483647; files = (); runOnlyForDeploymentPostprocessing = 0; };
		A30000000000000000000010 /* Resources */ = {isa = PBXResourcesBuildPhase; buildActionMask = 2147483647; files = (); runOnlyForDeploymentPostprocessing = 0; };
/* End PBXResourcesBuildPhase section */

/* Begin PBXSourcesBuildPhase section */
		A3000000000000000000000C /* Sources */ = {isa = PBXSourcesBuildPhase; buildActionMask = 2147483647; files = (); runOnlyForDeploymentPostprocessing = 0; };
		A3000000000000000000000F /* Sources */ = {isa = PBXSourcesBuildPhase; buildActionMask = 2147483647; files = (); runOnlyForDeploymentPostprocessing = 0; };
/* End PBXSourcesBuildPhase section */

/* Begin PBXTargetDependency section */
		A30000000000000000000011 /* PBXTargetDependency */ = {isa = PBXTargetDependency; target = A20000000000000000000001 /* DebugDemo */; targetProxy = A30000000000000000000002 /* PBXContainerItemProxy */; };
/* End PBXTargetDependency section */

/* Begin XCBuildConfiguration section */
		A30000000000000000000013 /* Debug */ = {
			isa = XCBuildConfiguration;
			buildSettings = {
				ALWAYS_SEARCH_USER_PATHS = NO;
				CLANG_ENABLE_MODULES = YES;
				CLANG_ENABLE_OBJC_ARC = YES;
				COPY_PHASE_STRIP = NO;
				DEBUG_INFORMATION_FORMAT = dwarf;
				ENABLE_TESTABILITY = YES;
				GCC_C_LANGUAGE_STANDARD = gnu17;
				GCC_OPTIMIZATION_LEVEL = 0;
				IPHONEOS_DEPLOYMENT_TARGET = 16.0;
				ONLY_ACTIVE_ARCH = YES;
				SDKROOT = iphoneos;
				SWIFT_ACTIVE_COMPILATION_CONDITIONS = "DEBUG $(inherited)";
				SWIFT_OPTIMIZATION_LEVEL = "-Onone";
				SWIFT_VERSION = 6.0;
			};
			name = Debug;
		};
		A30000000000000000000014 /* Release */ = {
			isa = XCBuildConfiguration;
			buildSettings = {
				ALWAYS_SEARCH_USER_PATHS = NO;
				CLANG_ENABLE_MODULES = YES;
				CLANG_ENABLE_OBJC_ARC = YES;
				COPY_PHASE_STRIP = NO;
				DEBUG_INFORMATION_FORMAT = "dwarf-with-dsym";
				GCC_C_LANGUAGE_STANDARD = gnu17;
				IPHONEOS_DEPLOYMENT_TARGET = 16.0;
				SDKROOT = iphoneos;
				SWIFT_COMPILATION_MODE = wholemodule;
				SWIFT_OPTIMIZATION_LEVEL = "-O";
				SWIFT_VERSION = 6.0;
				VALIDATE_PRODUCT = YES;
			};
			name = Release;
		};
		A30000000000000000000015 /* Debug */ = {
			isa = XCBuildConfiguration;
			buildSettings = {
				CODE_SIGN_STYLE = Automatic;
				GENERATE_INFOPLIST_FILE = YES;
				IPHONEOS_DEPLOYMENT_TARGET = 16.0;
				PRODUCT_BUNDLE_IDENTIFIER = com.openai.iosdebug.DebugDemo;
				PRODUCT_NAME = "$(TARGET_NAME)";
				SWIFT_EMIT_LOC_STRINGS = YES;
				SWIFT_VERSION = 6.0;
				TARGETED_DEVICE_FAMILY = "1,2";
			};
			name = Debug;
		};
		A30000000000000000000016 /* Release */ = {
			isa = XCBuildConfiguration;
			buildSettings = {
				CODE_SIGN_STYLE = Automatic;
				GENERATE_INFOPLIST_FILE = YES;
				IPHONEOS_DEPLOYMENT_TARGET = 16.0;
				PRODUCT_BUNDLE_IDENTIFIER = com.openai.iosdebug.DebugDemo;
				PRODUCT_NAME = "$(TARGET_NAME)";
				SWIFT_EMIT_LOC_STRINGS = YES;
				SWIFT_VERSION = 6.0;
				TARGETED_DEVICE_FAMILY = "1,2";
			};
			name = Release;
		};
		A30000000000000000000017 /* Debug */ = {
			isa = XCBuildConfiguration;
			buildSettings = {
				BUNDLE_LOADER = "$(TEST_HOST)";
				CODE_SIGN_STYLE = Automatic;
				GENERATE_INFOPLIST_FILE = YES;
				IPHONEOS_DEPLOYMENT_TARGET = 16.0;
				PRODUCT_BUNDLE_IDENTIFIER = com.openai.iosdebug.DebugDemoTests;
				PRODUCT_NAME = "$(TARGET_NAME)";
				SWIFT_VERSION = 6.0;
				TARGETED_DEVICE_FAMILY = "1,2";
				TEST_HOST = "$(BUILT_PRODUCTS_DIR)/DebugDemo.app/DebugDemo";
			};
			name = Debug;
		};
		A30000000000000000000018 /* Release */ = {
			isa = XCBuildConfiguration;
			buildSettings = {
				BUNDLE_LOADER = "$(TEST_HOST)";
				CODE_SIGN_STYLE = Automatic;
				GENERATE_INFOPLIST_FILE = YES;
				IPHONEOS_DEPLOYMENT_TARGET = 16.0;
				PRODUCT_BUNDLE_IDENTIFIER = com.openai.iosdebug.DebugDemoTests;
				PRODUCT_NAME = "$(TARGET_NAME)";
				SWIFT_VERSION = 6.0;
				TARGETED_DEVICE_FAMILY = "1,2";
				TEST_HOST = "$(BUILT_PRODUCTS_DIR)/DebugDemo.app/DebugDemo";
			};
			name = Release;
		};
/* End XCBuildConfiguration section */

/* Begin XCConfigurationList section */
		A3000000000000000000000B /* Build configuration list for PBXNativeTarget "DebugDemo" */ = {isa = XCConfigurationList; buildConfigurations = (A30000000000000000000015 /* Debug */, A30000000000000000000016 /* Release */); defaultConfigurationIsVisible = 0; defaultConfigurationName = Release; };
		A3000000000000000000000E /* Build configuration list for PBXNativeTarget "DebugDemoTests" */ = {isa = XCConfigurationList; buildConfigurations = (A30000000000000000000017 /* Debug */, A30000000000000000000018 /* Release */); defaultConfigurationIsVisible = 0; defaultConfigurationName = Release; };
		A30000000000000000000012 /* Build configuration list for PBXProject "DebugDemo" */ = {isa = XCConfigurationList; buildConfigurations = (A30000000000000000000013 /* Debug */, A30000000000000000000014 /* Release */); defaultConfigurationIsVisible = 0; defaultConfigurationName = Release; };
/* End XCConfigurationList section */

/* Begin XCLocalSwiftPackageReference section */
		A10000000000000000000001 /* XCLocalSwiftPackageReference "../../swift/IOSDebugKit" */ = {
			isa = XCLocalSwiftPackageReference;
			relativePath = ../../swift/IOSDebugKit;
		};
/* End XCLocalSwiftPackageReference section */

/* Begin XCSwiftPackageProductDependency section */
		A10000000000000000000002 /* IOSDebugKit */ = {
			isa = XCSwiftPackageProductDependency;
			package = A10000000000000000000001 /* XCLocalSwiftPackageReference "../../swift/IOSDebugKit" */;
			productName = IOSDebugKit;
		};
/* End XCSwiftPackageProductDependency section */
	};
	rootObject = A20000000000000000000000 /* Project object */;
}
